
Microsoft Visual Studio Solution File, Format Version 12.00
# Visual Studio Version 16
VisualStudioVersion = 16.0.28803.156
MinimumVisualStudioVersion = 10.0.40219.1
Project("{FAE04EC0-301F-11D3-BF4B-00C04F79EFBC}") = "ClassPracticeOperations", "ClassPracticeOperations\ClassPracticeOperations.csproj", "{43167523-FFC8-4302-8C28-53DE8ACB5D08}"
EndProject
Global
	GlobalSection(SolutionConfigurationPlatforms) = preSolution
		Debug|Any CPU = Debug|Any CPU
		Release|Any CPU = Release|Any CPU
	EndGlobalSection
	GlobalSection(ProjectConfigurationPlatforms) = postSolution
		{43167523-FFC8-4302-8C28-53DE8ACB5D08}.Debug|Any CPU.ActiveCfg = Debug|Any CPU
		{43167523-FFC8-4302-8C28-53DE8ACB5D08}.Debug|Any CPU.Build.0 = Debug|Any CPU
		{43167523-FFC8-4302-8C28-53DE8ACB5D08}.Release|Any CPU.ActiveCfg = Release|Any CPU
		{43167523-FFC8-4302-8C28-53DE8ACB5D08}.Release|Any CPU.Build.0 = Release|Any CPU
	EndGlobalSection
	GlobalSection(SolutionProperties) = preSolution
		HideSolutionNode = FALSE
	EndGlobalSection
	GlobalSection(ExtensibilityGlobals) = postSolution
		SolutionGuid = {457428C0-71E6-4D9B-BF8E-40034A288956}
	EndGlobalSection
EndGlobal
