
Microsoft Visual Studio Solution File, Format Version 12.00
# Visual Studio 15
VisualStudioVersion = 15.0.28307.572
MinimumVisualStudioVersion = 10.0.40219.1
Project("{FAE04EC0-301F-11D3-BF4B-00C04F79EFBC}") = "TrianguloClases", "TrianguloClases\TrianguloClases.csproj", "{75B5FBCD-F476-4D26-8F8D-B11C676F958A}"
EndProject
Global
	GlobalSection(SolutionConfigurationPlatforms) = preSolution
		Debug|Any CPU = Debug|Any CPU
		Release|Any CPU = Release|Any CPU
	EndGlobalSection
	GlobalSection(ProjectConfigurationPlatforms) = postSolution
		{75B5FBCD-F476-4D26-8F8D-B11C676F958A}.Debug|Any CPU.ActiveCfg = Debug|Any CPU
		{75B5FBCD-F476-4D26-8F8D-B11C676F958A}.Debug|Any CPU.Build.0 = Debug|Any CPU
		{75B5FBCD-F476-4D26-8F8D-B11C676F958A}.Release|Any CPU.ActiveCfg = Release|Any CPU
		{75B5FBCD-F476-4D26-8F8D-B11C676F958A}.Release|Any CPU.Build.0 = Release|Any CPU
	EndGlobalSection
	GlobalSection(SolutionProperties) = preSolution
		HideSolutionNode = FALSE
	EndGlobalSection
	GlobalSection(ExtensibilityGlobals) = postSolution
		SolutionGuid = {46435E3F-D6BE-488D-9A2B-4F0AFE037388}
	EndGlobalSection
EndGlobal
