
Microsoft Visual Studio Solution File, Format Version 12.00
# Visual Studio 15
VisualStudioVersion = 15.0.28307.572
MinimumVisualStudioVersion = 10.0.40219.1
Project("{FAE04EC0-301F-11D3-BF4B-00C04F79EFBC}") = "SistemasdeCitas", "SistemasdeCitas\SistemasdeCitas.csproj", "{3AAF3A6F-87FB-49EA-BFBD-D907AB0C8079}"
EndProject
Global
	GlobalSection(SolutionConfigurationPlatforms) = preSolution
		Debug|Any CPU = Debug|Any CPU
		Release|Any CPU = Release|Any CPU
	EndGlobalSection
	GlobalSection(ProjectConfigurationPlatforms) = postSolution
		{3AAF3A6F-87FB-49EA-BFBD-D907AB0C8079}.Debug|Any CPU.ActiveCfg = Debug|Any CPU
		{3AAF3A6F-87FB-49EA-BFBD-D907AB0C8079}.Debug|Any CPU.Build.0 = Debug|Any CPU
		{3AAF3A6F-87FB-49EA-BFBD-D907AB0C8079}.Release|Any CPU.ActiveCfg = Release|Any CPU
		{3AAF3A6F-87FB-49EA-BFBD-D907AB0C8079}.Release|Any CPU.Build.0 = Release|Any CPU
	EndGlobalSection
	GlobalSection(SolutionProperties) = preSolution
		HideSolutionNode = FALSE
	EndGlobalSection
	GlobalSection(ExtensibilityGlobals) = postSolution
		SolutionGuid = {6CC5AC5F-0A4B-4776-82DA-40F8CC151A23}
	EndGlobalSection
EndGlobal
