
Microsoft Visual Studio Solution File, Format Version 12.00
# Visual Studio Version 16
VisualStudioVersion = 16.0.28922.388
MinimumVisualStudioVersion = 10.0.40219.1
Project("{FAE04EC0-301F-11D3-BF4B-00C04F79EFBC}") = "AhorcadoWindowsForms", "AhorcadoWindowsForms\AhorcadoWindowsForms.csproj", "{F25B05D8-4567-4402-AC6A-81E58210A97A}"
EndProject
Global
	GlobalSection(SolutionConfigurationPlatforms) = preSolution
		Debug|Any CPU = Debug|Any CPU
		Release|Any CPU = Release|Any CPU
	EndGlobalSection
	GlobalSection(ProjectConfigurationPlatforms) = postSolution
		{F25B05D8-4567-4402-AC6A-81E58210A97A}.Debug|Any CPU.ActiveCfg = Debug|Any CPU
		{F25B05D8-4567-4402-AC6A-81E58210A97A}.Debug|Any CPU.Build.0 = Debug|Any CPU
		{F25B05D8-4567-4402-AC6A-81E58210A97A}.Release|Any CPU.ActiveCfg = Release|Any CPU
		{F25B05D8-4567-4402-AC6A-81E58210A97A}.Release|Any CPU.Build.0 = Release|Any CPU
	EndGlobalSection
	GlobalSection(SolutionProperties) = preSolution
		HideSolutionNode = FALSE
	EndGlobalSection
	GlobalSection(ExtensibilityGlobals) = postSolution
		SolutionGuid = {D1022881-F1CF-4C82-AE05-DD90D48DD111}
	EndGlobalSection
EndGlobal
